
Microsoft Visual Studio Solution File, Format Version 12.00
# Visual Studio Version 17
VisualStudioVersion = 17.3.32929.385
MinimumVisualStudioVersion = 10.0.40219.1
Project("{9A19103F-16F7-4668-BE54-9A1E7A4F7556}") = "Errorist", "Errorist\Errorist.csproj", "{E2BAFA91-963C-4148-A8EE-1893ED951D52}"
EndProject
Project("{9A19103F-16F7-4668-BE54-9A1E7A4F7556}") = "TestApplication", "TestApplication\TestApplication.csproj", "{17DF98AA-9BE1-4F05-BD0E-340D5D7B6286}"
EndProject
Project("{FAE04EC0-301F-11D3-BF4B-00C04F79EFBC}") = "TestApplication.Test", "TestApplication.Test\TestApplication.Test.csproj", "{7E35ACE6-A34F-47B0-B93A-B895654667F6}"
EndProject
Project("{FAE04EC0-301F-11D3-BF4B-00C04F79EFBC}") = "Errorist.Test", "Errorist.Test\Errorist.Test.csproj", "{EE0EF171-27BE-4D97-A681-422C29CBF3B3}"
EndProject
Project("{2150E333-8FDC-42A3-9474-1A3956D46DE8}") = "Solution", "Solution", "{24724DED-CD93-417B-9A94-741056FBA09C}"
	ProjectSection(SolutionItems) = preProject
		.gitattributes = .gitattributes
		.gitignore = .gitignore
		License.txt = License.txt
		README.md = README.md
	EndProjectSection
EndProject
Global
	GlobalSection(SolutionConfigurationPlatforms) = preSolution
		Debug|Any CPU = Debug|Any CPU
		Release|Any CPU = Release|Any CPU
	EndGlobalSection
	GlobalSection(ProjectConfigurationPlatforms) = postSolution
		{E2BAFA91-963C-4148-A8EE-1893ED951D52}.Debug|Any CPU.ActiveCfg = Debug|Any CPU
		{E2BAFA91-963C-4148-A8EE-1893ED951D52}.Debug|Any CPU.Build.0 = Debug|Any CPU
		{E2BAFA91-963C-4148-A8EE-1893ED951D52}.Release|Any CPU.ActiveCfg = Release|Any CPU
		{E2BAFA91-963C-4148-A8EE-1893ED951D52}.Release|Any CPU.Build.0 = Release|Any CPU
		{17DF98AA-9BE1-4F05-BD0E-340D5D7B6286}.Debug|Any CPU.ActiveCfg = Debug|Any CPU
		{17DF98AA-9BE1-4F05-BD0E-340D5D7B6286}.Debug|Any CPU.Build.0 = Debug|Any CPU
		{17DF98AA-9BE1-4F05-BD0E-340D5D7B6286}.Release|Any CPU.ActiveCfg = Release|Any CPU
		{17DF98AA-9BE1-4F05-BD0E-340D5D7B6286}.Release|Any CPU.Build.0 = Release|Any CPU
		{7E35ACE6-A34F-47B0-B93A-B895654667F6}.Debug|Any CPU.ActiveCfg = Debug|Any CPU
		{7E35ACE6-A34F-47B0-B93A-B895654667F6}.Debug|Any CPU.Build.0 = Debug|Any CPU
		{7E35ACE6-A34F-47B0-B93A-B895654667F6}.Release|Any CPU.ActiveCfg = Release|Any CPU
		{7E35ACE6-A34F-47B0-B93A-B895654667F6}.Release|Any CPU.Build.0 = Release|Any CPU
		{EE0EF171-27BE-4D97-A681-422C29CBF3B3}.Debug|Any CPU.ActiveCfg = Debug|Any CPU
		{EE0EF171-27BE-4D97-A681-422C29CBF3B3}.Debug|Any CPU.Build.0 = Debug|Any CPU
		{EE0EF171-27BE-4D97-A681-422C29CBF3B3}.Release|Any CPU.ActiveCfg = Release|Any CPU
		{EE0EF171-27BE-4D97-A681-422C29CBF3B3}.Release|Any CPU.Build.0 = Release|Any CPU
	EndGlobalSection
	GlobalSection(SolutionProperties) = preSolution
		HideSolutionNode = FALSE
	EndGlobalSection
	GlobalSection(ExtensibilityGlobals) = postSolution
		SolutionGuid = {8DBEA1D8-D520-4988-9E39-D0E548E66D11}
	EndGlobalSection
EndGlobal
